
Microsoft Visual Studio Solution File, Format Version 12.00
# Visual Studio Version 17
VisualStudioVersion = 17.0.32112.339
MinimumVisualStudioVersion = 10.0.40219.1
Project("{FAE04EC0-301F-11D3-BF4B-00C04F79EFBC}") = "Console App", "Assignment2\Console App.csproj", "{61E71965-EE7F-4EFB-B057-91232CFF8235}"
EndProject
Project("{FAE04EC0-301F-11D3-BF4B-00C04F79EFBC}") = "LadeskabClassLibrary", "LadeskabClassLibrary\LadeskabClassLibrary.csproj", "{C5B21D8E-DFF3-42FE-AFF2-C584E6AAF3E7}"
EndProject
Project("{FAE04EC0-301F-11D3-BF4B-00C04F79EFBC}") = "Unittest", "Unittest\Unittest.csproj", "{75516A6D-3D5B-405B-AF5D-47776071A684}"
EndProject
Global
	GlobalSection(SolutionConfigurationPlatforms) = preSolution
		Debug|Any CPU = Debug|Any CPU
		Release|Any CPU = Release|Any CPU
	EndGlobalSection
	GlobalSection(ProjectConfigurationPlatforms) = postSolution
		{61E71965-EE7F-4EFB-B057-91232CFF8235}.Debug|Any CPU.ActiveCfg = Debug|Any CPU
		{61E71965-EE7F-4EFB-B057-91232CFF8235}.Debug|Any CPU.Build.0 = Debug|Any CPU
		{61E71965-EE7F-4EFB-B057-91232CFF8235}.Release|Any CPU.ActiveCfg = Release|Any CPU
		{61E71965-EE7F-4EFB-B057-91232CFF8235}.Release|Any CPU.Build.0 = Release|Any CPU
		{C5B21D8E-DFF3-42FE-AFF2-C584E6AAF3E7}.Debug|Any CPU.ActiveCfg = Debug|Any CPU
		{C5B21D8E-DFF3-42FE-AFF2-C584E6AAF3E7}.Debug|Any CPU.Build.0 = Debug|Any CPU
		{C5B21D8E-DFF3-42FE-AFF2-C584E6AAF3E7}.Release|Any CPU.ActiveCfg = Release|Any CPU
		{C5B21D8E-DFF3-42FE-AFF2-C584E6AAF3E7}.Release|Any CPU.Build.0 = Release|Any CPU
		{75516A6D-3D5B-405B-AF5D-47776071A684}.Debug|Any CPU.ActiveCfg = Debug|Any CPU
		{75516A6D-3D5B-405B-AF5D-47776071A684}.Debug|Any CPU.Build.0 = Debug|Any CPU
		{75516A6D-3D5B-405B-AF5D-47776071A684}.Release|Any CPU.ActiveCfg = Release|Any CPU
		{75516A6D-3D5B-405B-AF5D-47776071A684}.Release|Any CPU.Build.0 = Release|Any CPU
	EndGlobalSection
	GlobalSection(SolutionProperties) = preSolution
		HideSolutionNode = FALSE
	EndGlobalSection
	GlobalSection(ExtensibilityGlobals) = postSolution
		SolutionGuid = {A8B1CB4E-2D25-4194-8D03-705822FFA578}
	EndGlobalSection
EndGlobal
